// !$*UTF8*$!
{
	archiveVersion = 1;
	classes = {
	};
	objectVersion = 50;
	objects = {

/* Begin PBXBuildFile section */
		DACCD2EB2125BA88004100C5 /* AppDelegate.swift in Sources */ = {isa = PBXBuildFile; fileRef = DACCD2EA2125BA88004100C5 /* AppDelegate.swift */; };
		DACCD2ED2125BA88004100C5 /* ViewController.swift in Sources */ = {isa = PBXBuildFile; fileRef = DACCD2EC2125BA88004100C5 /* ViewController.swift */; };
		DACCD2F22125BA89004100C5 /* Assets.xcassets in Resources */ = {isa = PBXBuildFile; fileRef = DACCD2F12125BA89004100C5 /* Assets.xcassets */; };
		DACCD2F52125BA89004100C5 /* LaunchScreen.storyboard in Resources */ = {isa = PBXBuildFile; fileRef = DACCD2F32125BA89004100C5 /* LaunchScreen.storyboard */; };
		DF3DAE02107368B835E5717F /* Pods_AutoLayoutPerformance.framework in Frameworks */ = {isa = PBXBuildFile; fileRef = 3AC43DB5446BDDCE2354DBA2 /* Pods_AutoLayoutPerformance.framework */; };
/* End PBXBuildFile section */

/* Begin PBXFileReference section */
		2C791E29F2F8867751E02786 /* Pods-AutoLayoutPerformance.release.xcconfig */ = {isa = PBXFileReference; includeInIndex = 1; lastKnownFileType = text.xcconfig; name = "Pods-AutoLayoutPerformance.release.xcconfig"; path = "Pods/Target Support Files/Pods-AutoLayoutPerformance/Pods-AutoLayoutPerformance.release.xcconfig"; sourceTree = "<group>"; };
		3AC43DB5446BDDCE2354DBA2 /* Pods_AutoLayoutPerformance.framework */ = {isa = PBXFileReference; explicitFileType = wrapper.framework; includeInIndex = 0; path = Pods_AutoLayoutPerformance.framework; sourceTree = BUILT_PRODUCTS_DIR; };
		9E70E6B4A3DC2551E0D4AAC5 /* Pods-AutoLayoutPerformance.debug.xcconfig */ = {isa = PBXFileReference; includeInIndex = 1; lastKnownFileType = text.xcconfig; name = "Pods-AutoLayoutPerformance.debug.xcconfig"; path = "Pods/Target Support Files/Pods-AutoLayoutPerformance/Pods-AutoLayoutPerformance.debug.xcconfig"; sourceTree = "<group>"; };
		DACCD2E72125BA88004100C5 /* AutoLayoutPerformance.app */ = {isa = PBXFileReference; explicitFileType = wrapper.application; includeInIndex = 0; path = AutoLayoutPerformance.app; sourceTree = BUILT_PRODUCTS_DIR; };
		DACCD2EA2125BA88004100C5 /* AppDelegate.swift */ = {isa = PBXFileReference; lastKnownFileType = sourcecode.swift; path = AppDelegate.swift; sourceTree = "<group>"; };
		DACCD2EC2125BA88004100C5 /* ViewController.swift */ = {isa = PBXFileReference; lastKnownFileType = sourcecode.swift; path = ViewController.swift; sourceTree = "<group>"; };
		DACCD2F12125BA89004100C5 /* Assets.xcassets */ = {isa = PBXFileReference; lastKnownFileType = folder.assetcatalog; path = Assets.xcassets; sourceTree = "<group>"; };
		DACCD2F42125BA89004100C5 /* Base */ = {isa = PBXFileReference; lastKnownFileType = file.storyboard; name = Base; path = Base.lproj/LaunchScreen.storyboard; sourceTree = "<group>"; };
		DACCD2F62125BA89004100C5 /* Info.plist */ = {isa = PBXFileReference; lastKnownFileType = text.plist.xml; path = Info.plist; sourceTree = "<group>"; };
/* End PBXFileReference section */

/* Begin PBXFrameworksBuildPhase section */
		DACCD2E42125BA88004100C5 /* Frameworks */ = {
			isa = PBXFrameworksBuildPhase;
			buildActionMask = 2147483647;
			files = (
				DF3DAE02107368B835E5717F /* Pods_AutoLayoutPerformance.framework in Frameworks */,
			);
			runOnlyForDeploymentPostprocessing = 0;
		};
/* End PBXFrameworksBuildPhase section */

/* Begin PBXGroup section */
		970AD1BE4F41F302C6884743 /* Pods */ = {
			isa = PBXGroup;
			children = (
				9E70E6B4A3DC2551E0D4AAC5 /* Pods-AutoLayoutPerformance.debug.xcconfig */,
				2C791E29F2F8867751E02786 /* Pods-AutoLayoutPerformance.release.xcconfig */,
			);
			name = Pods;
			sourceTree = "<group>";
		};
		C150342050D4BE0BB9FD6A44 /* Frameworks */ = {
			isa = PBXGroup;
			children = (
				3AC43DB5446BDDCE2354DBA2 /* Pods_AutoLayoutPerformance.framework */,
			);
			name = Frameworks;
			sourceTree = "<group>";
		};
		DACCD2DE2125BA88004100C5 = {
			isa = PBXGroup;
			children = (
				DACCD2E92125BA88004100C5 /* AutoLayoutPerformance */,
				DACCD2E82125BA88004100C5 /* Products */,
				970AD1BE4F41F302C6884743 /* Pods */,
				C150342050D4BE0BB9FD6A44 /* Frameworks */,
			);
			sourceTree = "<group>";
		};
		DACCD2E82125BA88004100C5 /* Products */ = {
			isa = PBXGroup;
			children = (
				DACCD2E72125BA88004100C5 /* AutoLayoutPerformance.app */,
			);
			name = Products;
			sourceTree = "<group>";
		};
		DACCD2E92125BA88004100C5 /* AutoLayoutPerformance */ = {
			isa = PBXGroup;
			children = (
				DACCD2EA2125BA88004100C5 /* AppDelegate.swift */,
				DACCD2EC2125BA88004100C5 /* ViewController.swift */,
				DACCD2F12125BA89004100C5 /* Assets.xcassets */,
				DACCD2F32125BA89004100C5 /* LaunchScreen.storyboard */,
				DACCD2F62125BA89004100C5 /* Info.plist */,
			);
			path = AutoLayoutPerformance;
			sourceTree = "<group>";
		};
/* End PBXGroup section */

/* Begin PBXNativeTarget section */
		DACCD2E62125BA88004100C5 /* AutoLayoutPerformance */ = {
			isa = PBXNativeTarget;
			buildConfigurationList = DACCD2F92125BA89004100C5 /* Build configuration list for PBXNativeTarget "AutoLayoutPerformance" */;
			buildPhases = (
				CE17F39D33F009F9D027D225 /* [CP] Check Pods Manifest.lock */,
				DACCD2E32125BA88004100C5 /* Sources */,
				DACCD2E42125BA88004100C5 /* Frameworks */,
				DACCD2E52125BA88004100C5 /* Resources */,
				744C076A158538835B81B098 /* [CP] Embed Pods Frameworks */,
			);
			buildRules = (
			);
			dependencies = (
			);
			name = AutoLayoutPerformance;
			productName = AutoLayoutPerformance;
			productReference = DACCD2E72125BA88004100C5 /* AutoLayoutPerformance.app */;
			productType = "com.apple.product-type.application";
		};
/* End PBXNativeTarget section */

/* Begin PBXProject section */
		DACCD2DF2125BA88004100C5 /* Project object */ = {
			isa = PBXProject;
			attributes = {
				LastSwiftUpdateCheck = 1000;
				LastUpgradeCheck = 1000;
				ORGANIZATIONNAME = "Shota Nakagami";
				TargetAttributes = {
					DACCD2E62125BA88004100C5 = {
						CreatedOnToolsVersion = 10.0;
					};
				};
			};
			buildConfigurationList = DACCD2E22125BA88004100C5 /* Build configuration list for PBXProject "AutoLayoutPerformance" */;
			compatibilityVersion = "Xcode 9.3";
			developmentRegion = en;
			hasScannedForEncodings = 0;
			knownRegions = (
				en,
				Base,
			);
			mainGroup = DACCD2DE2125BA88004100C5;
			productRefGroup = DACCD2E82125BA88004100C5 /* Products */;
			projectDirPath = "";
			projectRoot = "";
			targets = (
				DACCD2E62125BA88004100C5 /* AutoLayoutPerformance */,
			);
		};
/* End PBXProject section */

/* Begin PBXResourcesBuildPhase section */
		DACCD2E52125BA88004100C5 /* Resources */ = {
			isa = PBXResourcesBuildPhase;
			buildActionMask = 2147483647;
			files = (
				DACCD2F52125BA89004100C5 /* LaunchScreen.storyboard in Resources */,
				DACCD2F22125BA89004100C5 /* Assets.xcassets in Resources */,
			);
			runOnlyForDeploymentPostprocessing = 0;
		};
/* End PBXResourcesBuildPhase section */

/* Begin PBXShellScriptBuildPhase section */
		744C076A158538835B81B098 /* [CP] Embed Pods Frameworks */ = {
			isa = PBXShellScriptBuildPhase;
			buildActionMask = 2147483647;
			files = (
			);
			inputPaths = (
				"${SRCROOT}/Pods/Target Support Files/Pods-AutoLayoutPerformance/Pods-AutoLayoutPerformance-frameworks.sh",
				"${BUILT_PRODUCTS_DIR}/PureLayout/PureLayout.framework",
			);
			name = "[CP] Embed Pods Frameworks";
			outputPaths = (
				"${TARGET_BUILD_DIR}/${FRAMEWORKS_FOLDER_PATH}/PureLayout.framework",
			);
			runOnlyForDeploymentPostprocessing = 0;
			shellPath = /bin/sh;
			shellScript = "\"${SRCROOT}/Pods/Target Support Files/Pods-AutoLayoutPerformance/Pods-AutoLayoutPerformance-frameworks.sh\"\n";
			showEnvVarsInLog = 0;
		};
		CE17F39D33F009F9D027D225 /* [CP] Check Pods Manifest.lock */ = {
			isa = PBXShellScriptBuildPhase;
			buildActionMask = 2147483647;
			files = (
			);
			inputPaths = (
				"${PODS_PODFILE_DIR_PATH}/Podfile.lock",
				"${PODS_ROOT}/Manifest.lock",
			);
			name = "[CP] Check Pods Manifest.lock";
			outputPaths = (
				"$(DERIVED_FILE_DIR)/Pods-AutoLayoutPerformance-checkManifestLockResult.txt",
			);
			runOnlyForDeploymentPostprocessing = 0;
			shellPath = /bin/sh;
			shellScript = "diff \"${PODS_PODFILE_DIR_PATH}/Podfile.lock\" \"${PODS_ROOT}/Manifest.lock\" > /dev/null\nif [ $? != 0 ] ; then\n    # print error to STDERR\n    echo \"error: The sandbox is not in sync with the Podfile.lock. Run 'pod install' or update your CocoaPods installation.\" >&2\n    exit 1\nfi\n# This output is used by Xcode 'outputs' to avoid re-running this script phase.\necho \"SUCCESS\" > \"${SCRIPT_OUTPUT_FILE_0}\"\n";
			showEnvVarsInLog = 0;
		};
/* End PBXShellScriptBuildPhase section */

/* Begin PBXSourcesBuildPhase section */
		DACCD2E32125BA88004100C5 /* Sources */ = {
			isa = PBXSourcesBuildPhase;
			buildActionMask = 2147483647;
			files = (
				DACCD2ED2125BA88004100C5 /* ViewController.swift in Sources */,
				DACCD2EB2125BA88004100C5 /* AppDelegate.swift in Sources */,
			);
			runOnlyForDeploymentPostprocessing = 0;
		};
/* End PBXSourcesBuildPhase section */

/* Begin PBXVariantGroup section */
		DACCD2F32125BA89004100C5 /* LaunchScreen.storyboard */ = {
			isa = PBXVariantGroup;
			children = (
				DACCD2F42125BA89004100C5 /* Base */,
			);
			name = LaunchScreen.storyboard;
			sourceTree = "<group>";
		};
/* End PBXVariantGroup section */

/* Begin XCBuildConfiguration section */
		DACCD2F72125BA89004100C5 /* Debug */ = {
			isa = XCBuildConfiguration;
			buildSettings = {
				ALWAYS_SEARCH_USER_PATHS = NO;
				CLANG_ANALYZER_NONNULL = YES;
				CLANG_ANALYZER_NUMBER_OBJECT_CONVERSION = YES_AGGRESSIVE;
				CLANG_CXX_LANGUAGE_STANDARD = "gnu++14";
				CLANG_CXX_LIBRARY = "libc++";
				CLANG_ENABLE_MODULES = YES;
				CLANG_ENABLE_OBJC_ARC = YES;
				CLANG_ENABLE_OBJC_WEAK = YES;
				CLANG_WARN_BLOCK_CAPTURE_AUTORELEASING = YES;
				CLANG_WARN_BOOL_CONVERSION = YES;
				CLANG_WARN_COMMA = YES;
				CLANG_WARN_CONSTANT_CONVERSION = YES;
				CLANG_WARN_DEPRECATED_OBJC_IMPLEMENTATIONS = YES;
				CLANG_WARN_DIRECT_OBJC_ISA_USAGE = YES_ERROR;
				CLANG_WARN_DOCUMENTATION_COMMENTS = YES;
				CLANG_WARN_EMPTY_BODY = YES;
				CLANG_WARN_ENUM_CONVERSION = YES;
				CLANG_WARN_INFINITE_RECURSION = YES;
				CLANG_WARN_INT_CONVERSION = YES;
				CLANG_WARN_NON_LITERAL_NULL_CONVERSION = YES;
				CLANG_WARN_OBJC_IMPLICIT_RETAIN_SELF = YES;
				CLANG_WARN_OBJC_LITERAL_CONVERSION = YES;
				CLANG_WARN_OBJC_ROOT_CLASS = YES_ERROR;
				CLANG_WARN_RANGE_LOOP_ANALYSIS = YES;
				CLANG_WARN_STRICT_PROTOTYPES = YES;
				CLANG_WARN_SUSPICIOUS_MOVE = YES;
				CLANG_WARN_UNGUARDED_AVAILABILITY = YES_AGGRESSIVE;
				CLANG_WARN_UNREACHABLE_CODE = YES;
				CLANG_WARN__DUPLICATE_METHOD_MATCH = YES;
				CODE_SIGN_IDENTITY = "iPhone Developer";
				COPY_PHASE_STRIP = NO;
				DEBUG_INFORMATION_FORMAT = dwarf;
				ENABLE_STRICT_OBJC_MSGSEND = YES;
				ENABLE_TESTABILITY = YES;
				GCC_C_LANGUAGE_STANDARD = gnu11;
				GCC_DYNAMIC_NO_PIC = NO;
				GCC_NO_COMMON_BLOCKS = YES;
				GCC_OPTIMIZATION_LEVEL = 0;
				GCC_PREPROCESSOR_DEFINITIONS = (
					"DEBUG=1",
					"$(inherited)",
				);
				GCC_WARN_64_TO_32_BIT_CONVERSION = YES;
				GCC_WARN_ABOUT_RETURN_TYPE = YES_ERROR;
				GCC_WARN_UNDECLARED_SELECTOR = YES;
				GCC_WARN_UNINITIALIZED_AUTOS = YES_AGGRESSIVE;
				GCC_WARN_UNUSED_FUNCTION = YES;
				GCC_WARN_UNUSED_VARIABLE = YES;
				IPHONEOS_DEPLOYMENT_TARGET = 12.0;
				MTL_ENABLE_DEBUG_INFO = INCLUDE_SOURCE;
				MTL_FAST_MATH = YES;
				ONLY_ACTIVE_ARCH = YES;
				SDKROOT = iphoneos;
				SWIFT_ACTIVE_COMPILATION_CONDITIONS = DEBUG;
				SWIFT_OPTIMIZATION_LEVEL = "-Onone";
			};
			name = Debug;
		};
		DACCD2F82125BA89004100C5 /* Release */ = {
			isa = XCBuildConfiguration;
			buildSettings = {
				ALWAYS_SEARCH_USER_PATHS = NO;
				CLANG_ANALYZER_NONNULL = YES;
				CLANG_ANALYZER_NUMBER_OBJECT_CONVERSION = YES_AGGRESSIVE;
				CLANG_CXX_LANGUAGE_STANDARD = "gnu++14";
				CLANG_CXX_LIBRARY = "libc++";
				CLANG_ENABLE_MODULES = YES;
				CLANG_ENABLE_OBJC_ARC = YES;
				CLANG_ENABLE_OBJC_WEAK = YES;
				CLANG_WARN_BLOCK_CAPTURE_AUTORELEASING = YES;
				CLANG_WARN_BOOL_CONVERSION = YES;
				CLANG_WARN_COMMA = YES;
				CLANG_WARN_CONSTANT_CONVERSION = YES;
				CLANG_WARN_DEPRECATED_OBJC_IMPLEMENTATIONS = YES;
				CLANG_WARN_DIRECT_OBJC_ISA_USAGE = YES_ERROR;
				CLANG_WARN_DOCUMENTATION_COMMENTS = YES;
				CLANG_WARN_EMPTY_BODY = YES;
				CLANG_WARN_ENUM_CONVERSION = YES;
				CLANG_WARN_INFINITE_RECURSION = YES;
				CLANG_WARN_INT_CONVERSION = YES;
				CLANG_WARN_NON_LITERAL_NULL_CONVERSION = YES;
				CLANG_WARN_OBJC_IMPLICIT_RETAIN_SELF = YES;
				CLANG_WARN_OBJC_LITERAL_CONVERSION = YES;
				CLANG_WARN_OBJC_ROOT_CLASS = YES_ERROR;
				CLANG_WARN_RANGE_LOOP_ANALYSIS = YES;
				CLANG_WARN_STRICT_PROTOTYPES = YES;
				CLANG_WARN_SUSPICIOUS_MOVE = YES;
				CLANG_WARN_UNGUARDED_AVAILABILITY = YES_AGGRESSIVE;
				CLANG_WARN_UNREACHABLE_CODE = YES;
				CLANG_WARN__DUPLICATE_METHOD_MATCH = YES;
				CODE_SIGN_IDENTITY = "iPhone Developer";
				COPY_PHASE_STRIP = NO;
				DEBUG_INFORMATION_FORMAT = "dwarf-with-dsym";
				ENABLE_NS_ASSERTIONS = NO;
				ENABLE_STRICT_OBJC_MSGSEND = YES;
				GCC_C_LANGUAGE_STANDARD = gnu11;
				GCC_NO_COMMON_BLOCKS = YES;
				GCC_WARN_64_TO_32_BIT_CONVERSION = YES;
				GCC_WARN_ABOUT_RETURN_TYPE = YES_ERROR;
				GCC_WARN_UNDECLARED_SELECTOR = YES;
				GCC_WARN_UNINITIALIZED_AUTOS = YES_AGGRESSIVE;
				GCC_WARN_UNUSED_FUNCTION = YES;
				GCC_WARN_UNUSED_VARIABLE = YES;
				IPHONEOS_DEPLOYMENT_TARGET = 12.0;
				MTL_ENABLE_DEBUG_INFO = NO;
				MTL_FAST_MATH = YES;
				SDKROOT = iphoneos;
				SWIFT_COMPILATION_MODE = wholemodule;
				SWIFT_OPTIMIZATION_LEVEL = "-O";
				VALIDATE_PRODUCT = YES;
			};
			name = Release;
		};
		DACCD2FA2125BA89004100C5 /* Debug */ = {
			isa = XCBuildConfiguration;
			baseConfigurationReference = 9E70E6B4A3DC2551E0D4AAC5 /* Pods-AutoLayoutPerformance.debug.xcconfig */;
			buildSettings = {
				ASSETCATALOG_COMPILER_APPICON_NAME = AppIcon;
				CODE_SIGN_STYLE = Automatic;
				INFOPLIST_FILE = AutoLayoutPerformance/Info.plist;
				LD_RUNPATH_SEARCH_PATHS = "$(inherited) @executable_path/Frameworks";
				PRODUCT_BUNDLE_IDENTIFIER = com.shotanakagami.AutoLayoutPerformance;
				PRODUCT_NAME = "$(TARGET_NAME)";
				SWIFT_VERSION = 4.2;
				TARGETED_DEVICE_FAMILY = "1,2";
			};
			name = Debug;
		};
		DACCD2FB2125BA89004100C5 /* Release */ = {
			isa = XCBuildConfiguration;
			baseConfigurationReference = 2C791E29F2F8867751E02786 /* Pods-AutoLayoutPerformance.release.xcconfig */;
			buildSettings = {
				ASSETCATALOG_COMPILER_APPICON_NAME = AppIcon;
				CODE_SIGN_STYLE = Automatic;
				INFOPLIST_FILE = AutoLayoutPerformance/Info.plist;
				LD_RUNPATH_SEARCH_PATHS = "$(inherited) @executable_path/Frameworks";
				PRODUCT_BUNDLE_IDENTIFIER = com.shotanakagami.AutoLayoutPerformance;
				PRODUCT_NAME = "$(TARGET_NAME)";
				SWIFT_VERSION = 4.2;
				TARGETED_DEVICE_FAMILY = "1,2";
			};
			name = Release;
		};
/* End XCBuildConfiguration section */

/* Begin XCConfigurationList section */
		DACCD2E22125BA88004100C5 /* Build configuration list for PBXProject "AutoLayoutPerformance" */ = {
			isa = XCConfigurationList;
			buildConfigurations = (
				DACCD2F72125BA89004100C5 /* Debug */,
				DACCD2F82125BA89004100C5 /* Release */,
			);
			defaultConfigurationIsVisible = 0;
			defaultConfigurationName = Release;
		};
		DACCD2F92125BA89004100C5 /* Build configuration list for PBXNativeTarget "AutoLayoutPerformance" */ = {
			isa = XCConfigurationList;
			buildConfigurations = (
				DACCD2FA2125BA89004100C5 /* Debug */,
				DACCD2FB2125BA89004100C5 /* Release */,
			);
			defaultConfigurationIsVisible = 0;
			defaultConfigurationName = Release;
		};
/* End XCConfigurationList section */
	};
	rootObject = DACCD2DF2125BA88004100C5 /* Project object */;
}
